// !$*UTF8*$!
{
	archiveVersion = 1;
	classes = {
	};
	objectVersion = 50;
	objects = {

/* Begin PBXBuildFile section */
		B6E244B824CB92F1004E7C27 /* AppDelegate.swift in Sources */ = {isa = PBXBuildFile; fileRef = B6E244B724CB92F1004E7C27 /* AppDelegate.swift */; };
		B6E244BA24CB92F1004E7C27 /* SceneDelegate.swift in Sources */ = {isa = PBXBuildFile; fileRef = B6E244B924CB92F1004E7C27 /* SceneDelegate.swift */; };
		B6E244BC24CB92F1004E7C27 /* ViewController.swift in Sources */ = {isa = PBXBuildFile; fileRef = B6E244BB24CB92F1004E7C27 /* ViewController.swift */; };
		B6E244BF24CB92F1004E7C27 /* Main.storyboard in Resources */ = {isa = PBXBuildFile; fileRef = B6E244BD24CB92F1004E7C27 /* Main.storyboard */; };
		B6E244C124CB92F2004E7C27 /* Assets.xcassets in Resources */ = {isa = PBXBuildFile; fileRef = B6E244C024CB92F2004E7C27 /* Assets.xcassets */; };
		B6E244C424CB92F2004E7C27 /* LaunchScreen.storyboard in Resources */ = {isa = PBXBuildFile; fileRef = B6E244C224CB92F2004E7C27 /* LaunchScreen.storyboard */; };
		B6E244CF24CB92F2004E7C27 /* GameOfLifeTests.swift in Sources */ = {isa = PBXBuildFile; fileRef = B6E244CE24CB92F2004E7C27 /* GameOfLifeTests.swift */; };
		B6E244DA24CB92F2004E7C27 /* GameOfLifeUITests.swift in Sources */ = {isa = PBXBuildFile; fileRef = B6E244D924CB92F2004E7C27 /* GameOfLifeUITests.swift */; };
/* End PBXBuildFile section */

/* Begin PBXContainerItemProxy section */
		B6E244CB24CB92F2004E7C27 /* PBXContainerItemProxy */ = {
			isa = PBXContainerItemProxy;
			containerPortal = B6E244AC24CB92F1004E7C27 /* Project object */;
			proxyType = 1;
			remoteGlobalIDString = B6E244B324CB92F1004E7C27;
			remoteInfo = GameOfLife;
		};
		B6E244D624CB92F2004E7C27 /* PBXContainerItemProxy */ = {
			isa = PBXContainerItemProxy;
			containerPortal = B6E244AC24CB92F1004E7C27 /* Project object */;
			proxyType = 1;
			remoteGlobalIDString = B6E244B324CB92F1004E7C27;
			remoteInfo = GameOfLife;
		};
/* End PBXContainerItemProxy section */

/* Begin PBXFileReference section */
		B6E244B424CB92F1004E7C27 /* GameOfLife.app */ = {isa = PBXFileReference; explicitFileType = wrapper.application; includeInIndex = 0; path = GameOfLife.app; sourceTree = BUILT_PRODUCTS_DIR; };
		B6E244B724CB92F1004E7C27 /* AppDelegate.swift */ = {isa = PBXFileReference; lastKnownFileType = sourcecode.swift; path = AppDelegate.swift; sourceTree = "<group>"; };
		B6E244B924CB92F1004E7C27 /* SceneDelegate.swift */ = {isa = PBXFileReference; lastKnownFileType = sourcecode.swift; path = SceneDelegate.swift; sourceTree = "<group>"; };
		B6E244BB24CB92F1004E7C27 /* ViewController.swift */ = {isa = PBXFileReference; lastKnownFileType = sourcecode.swift; path = ViewController.swift; sourceTree = "<group>"; };
		B6E244BE24CB92F1004E7C27 /* Base */ = {isa = PBXFileReference; lastKnownFileType = file.storyboard; name = Base; path = Base.lproj/Main.storyboard; sourceTree = "<group>"; };
		B6E244C024CB92F2004E7C27 /* Assets.xcassets */ = {isa = PBXFileReference; lastKnownFileType = folder.assetcatalog; path = Assets.xcassets; sourceTree = "<group>"; };
		B6E244C324CB92F2004E7C27 /* Base */ = {isa = PBXFileReference; lastKnownFileType = file.storyboard; name = Base; path = Base.lproj/LaunchScreen.storyboard; sourceTree = "<group>"; };
		B6E244C524CB92F2004E7C27 /* Info.plist */ = {isa = PBXFileReference; lastKnownFileType = text.plist.xml; path = Info.plist; sourceTree = "<group>"; };
		B6E244CA24CB92F2004E7C27 /* GameOfLifeTests.xctest */ = {isa = PBXFileReference; explicitFileType = wrapper.cfbundle; includeInIndex = 0; path = GameOfLifeTests.xctest; sourceTree = BUILT_PRODUCTS_DIR; };
		B6E244CE24CB92F2004E7C27 /* GameOfLifeTests.swift */ = {isa = PBXFileReference; lastKnownFileType = sourcecode.swift; path = GameOfLifeTests.swift; sourceTree = "<group>"; };
		B6E244D024CB92F2004E7C27 /* Info.plist */ = {isa = PBXFileReference; lastKnownFileType = text.plist.xml; path = Info.plist; sourceTree = "<group>"; };
		B6E244D524CB92F2004E7C27 /* GameOfLifeUITests.xctest */ = {isa = PBXFileReference; explicitFileType = wrapper.cfbundle; includeInIndex = 0; path = GameOfLifeUITests.xctest; sourceTree = BUILT_PRODUCTS_DIR; };
		B6E244D924CB92F2004E7C27 /* GameOfLifeUITests.swift */ = {isa = PBXFileReference; lastKnownFileType = sourcecode.swift; path = GameOfLifeUITests.swift; sourceTree = "<group>"; };
		B6E244DB24CB92F2004E7C27 /* Info.plist */ = {isa = PBXFileReference; lastKnownFileType = text.plist.xml; path = Info.plist; sourceTree = "<group>"; };
/* End PBXFileReference section */

/* Begin PBXFrameworksBuildPhase section */
		B6E244B124CB92F1004E7C27 /* Frameworks */ = {
			isa = PBXFrameworksBuildPhase;
			buildActionMask = 2147483647;
			files = (
			);
			runOnlyForDeploymentPostprocessing = 0;
		};
		B6E244C724CB92F2004E7C27 /* Frameworks */ = {
			isa = PBXFrameworksBuildPhase;
			buildActionMask = 2147483647;
			files = (
			);
			runOnlyForDeploymentPostprocessing = 0;
		};
		B6E244D224CB92F2004E7C27 /* Frameworks */ = {
			isa = PBXFrameworksBuildPhase;
			buildActionMask = 2147483647;
			files = (
			);
			runOnlyForDeploymentPostprocessing = 0;
		};
/* End PBXFrameworksBuildPhase section */

/* Begin PBXGroup section */
		B6E244AB24CB92F1004E7C27 = {
			isa = PBXGroup;
			children = (
				B6E244B624CB92F1004E7C27 /* GameOfLife */,
				B6E244CD24CB92F2004E7C27 /* GameOfLifeTests */,
				B6E244D824CB92F2004E7C27 /* GameOfLifeUITests */,
				B6E244B524CB92F1004E7C27 /* Products */,
			);
			sourceTree = "<group>";
		};
		B6E244B524CB92F1004E7C27 /* Products */ = {
			isa = PBXGroup;
			children = (
				B6E244B424CB92F1004E7C27 /* GameOfLife.app */,
				B6E244CA24CB92F2004E7C27 /* GameOfLifeTests.xctest */,
				B6E244D524CB92F2004E7C27 /* GameOfLifeUITests.xctest */,
			);
			name = Products;
			sourceTree = "<group>";
		};
		B6E244B624CB92F1004E7C27 /* GameOfLife */ = {
			isa = PBXGroup;
			children = (
				B6E244B724CB92F1004E7C27 /* AppDelegate.swift */,
				B6E244B924CB92F1004E7C27 /* SceneDelegate.swift */,
				B6E244BB24CB92F1004E7C27 /* ViewController.swift */,
				B6E244BD24CB92F1004E7C27 /* Main.storyboard */,
				B6E244C024CB92F2004E7C27 /* Assets.xcassets */,
				B6E244C224CB92F2004E7C27 /* LaunchScreen.storyboard */,
				B6E244C524CB92F2004E7C27 /* Info.plist */,
			);
			path = GameOfLife;
			sourceTree = "<group>";
		};
		B6E244CD24CB92F2004E7C27 /* GameOfLifeTests */ = {
			isa = PBXGroup;
			children = (
				B6E244CE24CB92F2004E7C27 /* GameOfLifeTests.swift */,
				B6E244D024CB92F2004E7C27 /* Info.plist */,
			);
			path = GameOfLifeTests;
			sourceTree = "<group>";
		};
		B6E244D824CB92F2004E7C27 /* GameOfLifeUITests */ = {
			isa = PBXGroup;
			children = (
				B6E244D924CB92F2004E7C27 /* GameOfLifeUITests.swift */,
				B6E244DB24CB92F2004E7C27 /* Info.plist */,
			);
			path = GameOfLifeUITests;
			sourceTree = "<group>";
		};
/* End PBXGroup section */

/* Begin PBXNativeTarget section */
		B6E244B324CB92F1004E7C27 /* GameOfLife */ = {
			isa = PBXNativeTarget;
			buildConfigurationList = B6E244DE24CB92F2004E7C27 /* Build configuration list for PBXNativeTarget "GameOfLife" */;
			buildPhases = (
				B6E244B024CB92F1004E7C27 /* Sources */,
				B6E244B124CB92F1004E7C27 /* Frameworks */,
				B6E244B224CB92F1004E7C27 /* Resources */,
			);
			buildRules = (
			);
			dependencies = (
			);
			name = GameOfLife;
			productName = GameOfLife;
			productReference = B6E244B424CB92F1004E7C27 /* GameOfLife.app */;
			productType = "com.apple.product-type.application";
		};
		B6E244C924CB92F2004E7C27 /* GameOfLifeTests */ = {
			isa = PBXNativeTarget;
			buildConfigurationList = B6E244E124CB92F2004E7C27 /* Build configuration list for PBXNativeTarget "GameOfLifeTests" */;
			buildPhases = (
				B6E244C624CB92F2004E7C27 /* Sources */,
				B6E244C724CB92F2004E7C27 /* Frameworks */,
				B6E244C824CB92F2004E7C27 /* Resources */,
			);
			buildRules = (
			);
			dependencies = (
				B6E244CC24CB92F2004E7C27 /* PBXTargetDependency */,
			);
			name = GameOfLifeTests;
			productName = GameOfLifeTests;
			productReference = B6E244CA24CB92F2004E7C27 /* GameOfLifeTests.xctest */;
			productType = "com.apple.product-type.bundle.unit-test";
		};
		B6E244D424CB92F2004E7C27 /* GameOfLifeUITests */ = {
			isa = PBXNativeTarget;
			buildConfigurationList = B6E244E424CB92F2004E7C27 /* Build configuration list for PBXNativeTarget "GameOfLifeUITests" */;
			buildPhases = (
				B6E244D124CB92F2004E7C27 /* Sources */,
				B6E244D224CB92F2004E7C27 /* Frameworks */,
				B6E244D324CB92F2004E7C27 /* Resources */,
			);
			buildRules = (
			);
			dependencies = (
				B6E244D724CB92F2004E7C27 /* PBXTargetDependency */,
			);
			name = GameOfLifeUITests;
			productName = GameOfLifeUITests;
			productReference = B6E244D524CB92F2004E7C27 /* GameOfLifeUITests.xctest */;
			productType = "com.apple.product-type.bundle.ui-testing";
		};
/* End PBXNativeTarget section */

/* Begin PBXProject section */
		B6E244AC24CB92F1004E7C27 /* Project object */ = {
			isa = PBXProject;
			attributes = {
				LastSwiftUpdateCheck = 1200;
				LastUpgradeCheck = 1200;
				TargetAttributes = {
					B6E244B324CB92F1004E7C27 = {
						CreatedOnToolsVersion = 12.0;
					};
					B6E244C924CB92F2004E7C27 = {
						CreatedOnToolsVersion = 12.0;
						TestTargetID = B6E244B324CB92F1004E7C27;
					};
					B6E244D424CB92F2004E7C27 = {
						CreatedOnToolsVersion = 12.0;
						TestTargetID = B6E244B324CB92F1004E7C27;
					};
				};
			};
			buildConfigurationList = B6E244AF24CB92F1004E7C27 /* Build configuration list for PBXProject "GameOfLife" */;
			compatibilityVersion = "Xcode 9.3";
			developmentRegion = en;
			hasScannedForEncodings = 0;
			knownRegions = (
				en,
				Base,
			);
			mainGroup = B6E244AB24CB92F1004E7C27;
			productRefGroup = B6E244B524CB92F1004E7C27 /* Products */;
			projectDirPath = "";
			projectRoot = "";
			targets = (
				B6E244B324CB92F1004E7C27 /* GameOfLife */,
				B6E244C924CB92F2004E7C27 /* GameOfLifeTests */,
				B6E244D424CB92F2004E7C27 /* GameOfLifeUITests */,
			);
		};
/* End PBXProject section */

/* Begin PBXResourcesBuildPhase section */
		B6E244B224CB92F1004E7C27 /* Resources */ = {
			isa = PBXResourcesBuildPhase;
			buildActionMask = 2147483647;
			files = (
				B6E244C424CB92F2004E7C27 /* LaunchScreen.storyboard in Resources */,
				B6E244C124CB92F2004E7C27 /* Assets.xcassets in Resources */,
				B6E244BF24CB92F1004E7C27 /* Main.storyboard in Resources */,
			);
			runOnlyForDeploymentPostprocessing = 0;
		};
		B6E244C824CB92F2004E7C27 /* Resources */ = {
			isa = PBXResourcesBuildPhase;
			buildActionMask = 2147483647;
			files = (
			);
			runOnlyForDeploymentPostprocessing = 0;
		};
		B6E244D324CB92F2004E7C27 /* Resources */ = {
			isa = PBXResourcesBuildPhase;
			buildActionMask = 2147483647;
			files = (
			);
			runOnlyForDeploymentPostprocessing = 0;
		};
/* End PBXResourcesBuildPhase section */

/* Begin PBXSourcesBuildPhase section */
		B6E244B024CB92F1004E7C27 /* Sources */ = {
			isa = PBXSourcesBuildPhase;
			buildActionMask = 2147483647;
			files = (
				B6E244BC24CB92F1004E7C27 /* ViewController.swift in Sources */,
				B6E244B824CB92F1004E7C27 /* AppDelegate.swift in Sources */,
				B6E244BA24CB92F1004E7C27 /* SceneDelegate.swift in Sources */,
			);
			runOnlyForDeploymentPostprocessing = 0;
		};
		B6E244C624CB92F2004E7C27 /* Sources */ = {
			isa = PBXSourcesBuildPhase;
			buildActionMask = 2147483647;
			files = (
				B6E244CF24CB92F2004E7C27 /* GameOfLifeTests.swift in Sources */,
			);
			runOnlyForDeploymentPostprocessing = 0;
		};
		B6E244D124CB92F2004E7C27 /* Sources */ = {
			isa = PBXSourcesBuildPhase;
			buildActionMask = 2147483647;
			files = (
				B6E244DA24CB92F2004E7C27 /* GameOfLifeUITests.swift in Sources */,
			);
			runOnlyForDeploymentPostprocessing = 0;
		};
/* End PBXSourcesBuildPhase section */

/* Begin PBXTargetDependency section */
		B6E244CC24CB92F2004E7C27 /* PBXTargetDependency */ = {
			isa = PBXTargetDependency;
			target = B6E244B324CB92F1004E7C27 /* GameOfLife */;
			targetProxy = B6E244CB24CB92F2004E7C27 /* PBXContainerItemProxy */;
		};
		B6E244D724CB92F2004E7C27 /* PBXTargetDependency */ = {
			isa = PBXTargetDependency;
			target = B6E244B324CB92F1004E7C27 /* GameOfLife */;
			targetProxy = B6E244D624CB92F2004E7C27 /* PBXContainerItemProxy */;
		};
/* End PBXTargetDependency section */

/* Begin PBXVariantGroup section */
		B6E244BD24CB92F1004E7C27 /* Main.storyboard */ = {
			isa = PBXVariantGroup;
			children = (
				B6E244BE24CB92F1004E7C27 /* Base */,
			);
			name = Main.storyboard;
			sourceTree = "<group>";
		};
		B6E244C224CB92F2004E7C27 /* LaunchScreen.storyboard */ = {
			isa = PBXVariantGroup;
			children = (
				B6E244C324CB92F2004E7C27 /* Base */,
			);
			name = LaunchScreen.storyboard;
			sourceTree = "<group>";
		};
/* End PBXVariantGroup section */

/* Begin XCBuildConfiguration section */
		B6E244DC24CB92F2004E7C27 /* Debug */ = {
			isa = XCBuildConfiguration;
			buildSettings = {
				ALWAYS_SEARCH_USER_PATHS = NO;
				CLANG_ANALYZER_NONNULL = YES;
				CLANG_ANALYZER_NUMBER_OBJECT_CONVERSION = YES_AGGRESSIVE;
				CLANG_CXX_LANGUAGE_STANDARD = "gnu++14";
				CLANG_CXX_LIBRARY = "libc++";
				CLANG_ENABLE_MODULES = YES;
				CLANG_ENABLE_OBJC_ARC = YES;
				CLANG_ENABLE_OBJC_WEAK = YES;
				CLANG_WARN_BLOCK_CAPTURE_AUTORELEASING = YES;
				CLANG_WARN_BOOL_CONVERSION = YES;
				CLANG_WARN_COMMA = YES;
				CLANG_WARN_CONSTANT_CONVERSION = YES;
				CLANG_WARN_DEPRECATED_OBJC_IMPLEMENTATIONS = YES;
				CLANG_WARN_DIRECT_OBJC_ISA_USAGE = YES_ERROR;
				CLANG_WARN_DOCUMENTATION_COMMENTS = YES;
				CLANG_WARN_EMPTY_BODY = YES;
				CLANG_WARN_ENUM_CONVERSION = YES;
				CLANG_WARN_INFINITE_RECURSION = YES;
				CLANG_WARN_INT_CONVERSION = YES;
				CLANG_WARN_NON_LITERAL_NULL_CONVERSION = YES;
				CLANG_WARN_OBJC_IMPLICIT_RETAIN_SELF = YES;
				CLANG_WARN_OBJC_LITERAL_CONVERSION = YES;
				CLANG_WARN_OBJC_ROOT_CLASS = YES_ERROR;
				CLANG_WARN_QUOTED_INCLUDE_IN_FRAMEWORK_HEADER = YES;
				CLANG_WARN_RANGE_LOOP_ANALYSIS = YES;
				CLANG_WARN_STRICT_PROTOTYPES = YES;
				CLANG_WARN_SUSPICIOUS_MOVE = YES;
				CLANG_WARN_UNGUARDED_AVAILABILITY = YES_AGGRESSIVE;
				CLANG_WARN_UNREACHABLE_CODE = YES;
				CLANG_WARN__DUPLICATE_METHOD_MATCH = YES;
				COPY_PHASE_STRIP = NO;
				DEBUG_INFORMATION_FORMAT = dwarf;
				ENABLE_STRICT_OBJC_MSGSEND = YES;
				ENABLE_TESTABILITY = YES;
				GCC_C_LANGUAGE_STANDARD = gnu11;
				GCC_DYNAMIC_NO_PIC = NO;
				GCC_NO_COMMON_BLOCKS = YES;
				GCC_OPTIMIZATION_LEVEL = 0;
				GCC_PREPROCESSOR_DEFINITIONS = (
					"DEBUG=1",
					"$(inherited)",
				);
				GCC_WARN_64_TO_32_BIT_CONVERSION = YES;
				GCC_WARN_ABOUT_RETURN_TYPE = YES_ERROR;
				GCC_WARN_UNDECLARED_SELECTOR = YES;
				GCC_WARN_UNINITIALIZED_AUTOS = YES_AGGRESSIVE;
				GCC_WARN_UNUSED_FUNCTION = YES;
				GCC_WARN_UNUSED_VARIABLE = YES;
				IPHONEOS_DEPLOYMENT_TARGET = 14.0;
				MTL_ENABLE_DEBUG_INFO = INCLUDE_SOURCE;
				MTL_FAST_MATH = YES;
				ONLY_ACTIVE_ARCH = YES;
				SDKROOT = iphoneos;
				SWIFT_ACTIVE_COMPILATION_CONDITIONS = DEBUG;
				SWIFT_OPTIMIZATION_LEVEL = "-Onone";
			};
			name = Debug;
		};
		B6E244DD24CB92F2004E7C27 /* Release */ = {
			isa = XCBuildConfiguration;
			buildSettings = {
				ALWAYS_SEARCH_USER_PATHS = NO;
				CLANG_ANALYZER_NONNULL = YES;
				CLANG_ANALYZER_NUMBER_OBJECT_CONVERSION = YES_AGGRESSIVE;
				CLANG_CXX_LANGUAGE_STANDARD = "gnu++14";
				CLANG_CXX_LIBRARY = "libc++";
				CLANG_ENABLE_MODULES = YES;
				CLANG_ENABLE_OBJC_ARC = YES;
				CLANG_ENABLE_OBJC_WEAK = YES;
				CLANG_WARN_BLOCK_CAPTURE_AUTORELEASING = YES;
				CLANG_WARN_BOOL_CONVERSION = YES;
				CLANG_WARN_COMMA = YES;
				CLANG_WARN_CONSTANT_CONVERSION = YES;
				CLANG_WARN_DEPRECATED_OBJC_IMPLEMENTATIONS = YES;
				CLANG_WARN_DIRECT_OBJC_ISA_USAGE = YES_ERROR;
				CLANG_WARN_DOCUMENTATION_COMMENTS = YES;
				CLANG_WARN_EMPTY_BODY = YES;
				CLANG_WARN_ENUM_CONVERSION = YES;
				CLANG_WARN_INFINITE_RECURSION = YES;
				CLANG_WARN_INT_CONVERSION = YES;
				CLANG_WARN_NON_LITERAL_NULL_CONVERSION = YES;
				CLANG_WARN_OBJC_IMPLICIT_RETAIN_SELF = YES;
				CLANG_WARN_OBJC_LITERAL_CONVERSION = YES;
				CLANG_WARN_OBJC_ROOT_CLASS = YES_ERROR;
				CLANG_WARN_QUOTED_INCLUDE_IN_FRAMEWORK_HEADER = YES;
				CLANG_WARN_RANGE_LOOP_ANALYSIS = YES;
				CLANG_WARN_STRICT_PROTOTYPES = YES;
				CLANG_WARN_SUSPICIOUS_MOVE = YES;
				CLANG_WARN_UNGUARDED_AVAILABILITY = YES_AGGRESSIVE;
				CLANG_WARN_UNREACHABLE_CODE = YES;
				CLANG_WARN__DUPLICATE_METHOD_MATCH = YES;
				COPY_PHASE_STRIP = NO;
				DEBUG_INFORMATION_FORMAT = "dwarf-with-dsym";
				ENABLE_NS_ASSERTIONS = NO;
				ENABLE_STRICT_OBJC_MSGSEND = YES;
				GCC_C_LANGUAGE_STANDARD = gnu11;
				GCC_NO_COMMON_BLOCKS = YES;
				GCC_WARN_64_TO_32_BIT_CONVERSION = YES;
				GCC_WARN_ABOUT_RETURN_TYPE = YES_ERROR;
				GCC_WARN_UNDECLARED_SELECTOR = YES;
				GCC_WARN_UNINITIALIZED_AUTOS = YES_AGGRESSIVE;
				GCC_WARN_UNUSED_FUNCTION = YES;
				GCC_WARN_UNUSED_VARIABLE = YES;
				IPHONEOS_DEPLOYMENT_TARGET = 14.0;
				MTL_ENABLE_DEBUG_INFO = NO;
				MTL_FAST_MATH = YES;
				SDKROOT = iphoneos;
				SWIFT_COMPILATION_MODE = wholemodule;
				SWIFT_OPTIMIZATION_LEVEL = "-O";
				VALIDATE_PRODUCT = YES;
			};
			name = Release;
		};
		B6E244DF24CB92F2004E7C27 /* Debug */ = {
			isa = XCBuildConfiguration;
			buildSettings = {
				ASSETCATALOG_COMPILER_APPICON_NAME = AppIcon;
				ASSETCATALOG_COMPILER_GLOBAL_ACCENT_COLOR_NAME = AccentColor;
				CODE_SIGN_STYLE = Automatic;
				DEVELOPMENT_TEAM = 4939K9623X;
				INFOPLIST_FILE = GameOfLife/Info.plist;
				LD_RUNPATH_SEARCH_PATHS = (
					"$(inherited)",
					"@executable_path/Frameworks",
				);
				PRODUCT_BUNDLE_IDENTIFIER = com.nick.GameOfLife;
				PRODUCT_NAME = "$(TARGET_NAME)";
				SWIFT_VERSION = 5.0;
				TARGETED_DEVICE_FAMILY = "1,2";
			};
			name = Debug;
		};
		B6E244E024CB92F2004E7C27 /* Release */ = {
			isa = XCBuildConfiguration;
			buildSettings = {
				ASSETCATALOG_COMPILER_APPICON_NAME = AppIcon;
				ASSETCATALOG_COMPILER_GLOBAL_ACCENT_COLOR_NAME = AccentColor;
				CODE_SIGN_STYLE = Automatic;
				DEVELOPMENT_TEAM = 4939K9623X;
				INFOPLIST_FILE = GameOfLife/Info.plist;
				LD_RUNPATH_SEARCH_PATHS = (
					"$(inherited)",
					"@executable_path/Frameworks",
				);
				PRODUCT_BUNDLE_IDENTIFIER = com.nick.GameOfLife;
				PRODUCT_NAME = "$(TARGET_NAME)";
				SWIFT_VERSION = 5.0;
				TARGETED_DEVICE_FAMILY = "1,2";
			};
			name = Release;
		};
		B6E244E224CB92F2004E7C27 /* Debug */ = {
			isa = XCBuildConfiguration;
			buildSettings = {
				ALWAYS_EMBED_SWIFT_STANDARD_LIBRARIES = YES;
				BUNDLE_LOADER = "$(TEST_HOST)";
				CODE_SIGN_STYLE = Automatic;
				DEVELOPMENT_TEAM = 4939K9623X;
				INFOPLIST_FILE = GameOfLifeTests/Info.plist;
				IPHONEOS_DEPLOYMENT_TARGET = 14.0;
				LD_RUNPATH_SEARCH_PATHS = (
					"$(inherited)",
					"@executable_path/Frameworks",
					"@loader_path/Frameworks",
				);
				PRODUCT_BUNDLE_IDENTIFIER = com.nick.GameOfLifeTests;
				PRODUCT_NAME = "$(TARGET_NAME)";
				SWIFT_VERSION = 5.0;
				TARGETED_DEVICE_FAMILY = "1,2";
				TEST_HOST = "$(BUILT_PRODUCTS_DIR)/GameOfLife.app/GameOfLife";
			};
			name = Debug;
		};
		B6E244E324CB92F2004E7C27 /* Release */ = {
			isa = XCBuildConfiguration;
			buildSettings = {
				ALWAYS_EMBED_SWIFT_STANDARD_LIBRARIES = YES;
				BUNDLE_LOADER = "$(TEST_HOST)";
				CODE_SIGN_STYLE = Automatic;
				DEVELOPMENT_TEAM = 4939K9623X;
				INFOPLIST_FILE = GameOfLifeTests/Info.plist;
				IPHONEOS_DEPLOYMENT_TARGET = 14.0;
				LD_RUNPATH_SEARCH_PATHS = (
					"$(inherited)",
					"@executable_path/Frameworks",
					"@loader_path/Frameworks",
				);
				PRODUCT_BUNDLE_IDENTIFIER = com.nick.GameOfLifeTests;
				PRODUCT_NAME = "$(TARGET_NAME)";
				SWIFT_VERSION = 5.0;
				TARGETED_DEVICE_FAMILY = "1,2";
				TEST_HOST = "$(BUILT_PRODUCTS_DIR)/GameOfLife.app/GameOfLife";
			};
			name = Release;
		};
		B6E244E524CB92F2004E7C27 /* Debug */ = {
			isa = XCBuildConfiguration;
			buildSettings = {
				ALWAYS_EMBED_SWIFT_STANDARD_LIBRARIES = YES;
				CODE_SIGN_STYLE = Automatic;
				DEVELOPMENT_TEAM = 4939K9623X;
				INFOPLIST_FILE = GameOfLifeUITests/Info.plist;
				LD_RUNPATH_SEARCH_PATHS = (
					"$(inherited)",
					"@executable_path/Frameworks",
					"@loader_path/Frameworks",
				);
				PRODUCT_BUNDLE_IDENTIFIER = com.nick.GameOfLifeUITests;
				PRODUCT_NAME = "$(TARGET_NAME)";
				SWIFT_VERSION = 5.0;
				TARGETED_DEVICE_FAMILY = "1,2";
				TEST_TARGET_NAME = GameOfLife;
			};
			name = Debug;
		};
		B6E244E624CB92F2004E7C27 /* Release */ = {
			isa = XCBuildConfiguration;
			buildSettings = {
				ALWAYS_EMBED_SWIFT_STANDARD_LIBRARIES = YES;
				CODE_SIGN_STYLE = Automatic;
				DEVELOPMENT_TEAM = 4939K9623X;
				INFOPLIST_FILE = GameOfLifeUITests/Info.plist;
				LD_RUNPATH_SEARCH_PATHS = (
					"$(inherited)",
					"@executable_path/Frameworks",
					"@loader_path/Frameworks",
				);
				PRODUCT_BUNDLE_IDENTIFIER = com.nick.GameOfLifeUITests;
				PRODUCT_NAME = "$(TARGET_NAME)";
				SWIFT_VERSION = 5.0;
				TARGETED_DEVICE_FAMILY = "1,2";
				TEST_TARGET_NAME = GameOfLife;
			};
			name = Release;
		};
/* End XCBuildConfiguration section */

/* Begin XCConfigurationList section */
		B6E244AF24CB92F1004E7C27 /* Build configuration list for PBXProject "GameOfLife" */ = {
			isa = XCConfigurationList;
			buildConfigurations = (
				B6E244DC24CB92F2004E7C27 /* Debug */,
				B6E244DD24CB92F2004E7C27 /* Release */,
			);
			defaultConfigurationIsVisible = 0;
			defaultConfigurationName = Release;
		};
		B6E244DE24CB92F2004E7C27 /* Build configuration list for PBXNativeTarget "GameOfLife" */ = {
			isa = XCConfigurationList;
			buildConfigurations = (
				B6E244DF24CB92F2004E7C27 /* Debug */,
				B6E244E024CB92F2004E7C27 /* Release */,
			);
			defaultConfigurationIsVisible = 0;
			defaultConfigurationName = Release;
		};
		B6E244E124CB92F2004E7C27 /* Build configuration list for PBXNativeTarget "GameOfLifeTests" */ = {
			isa = XCConfigurationList;
			buildConfigurations = (
				B6E244E224CB92F2004E7C27 /* Debug */,
				B6E244E324CB92F2004E7C27 /* Release */,
			);
			defaultConfigurationIsVisible = 0;
			defaultConfigurationName = Release;
		};
		B6E244E424CB92F2004E7C27 /* Build configuration list for PBXNativeTarget "GameOfLifeUITests" */ = {
			isa = XCConfigurationList;
			buildConfigurations = (
				B6E244E524CB92F2004E7C27 /* Debug */,
				B6E244E624CB92F2004E7C27 /* Release */,
			);
			defaultConfigurationIsVisible = 0;
			defaultConfigurationName = Release;
		};
/* End XCConfigurationList section */
	};
	rootObject = B6E244AC24CB92F1004E7C27 /* Project object */;
}
